<?xml version="1.0" encoding="utf-8"?>
<Project ToolsVersion="4.0" xmlns="http://schemas.microsoft.com/developer/msbuild/2003">
  <ItemGroup>
    <Filter Include="Source Files">
      <UniqueIdentifier>{4FC737F1-C7A5-4376-A066-2A32D752A2FF}</UniqueIdentifier>
      <Extensions>cpp;c;cc;cxx;def;odl;idl;hpj;bat;asm;asmx</Extensions>
    </Filter>
    <Filter Include="Header Files">
      <UniqueIdentifier>{93995380-89BD-4b04-88EB-625FBE52EBFB}</UniqueIdentifier>
      <Extensions>h;hh;hpp;hxx;hm;inl;inc;ipp;xsd</Extensions>
    </Filter>
    <Filter Include="Resource Files">
      <UniqueIdentifier>{67DA6AB6-F800-4c08-8B7A-83BB121AAD01}</UniqueIdentifier>
      <Extensions>rc;ico;cur;bmp;dlg;rc2;rct;bin;rgs;gif;jpg;jpeg;jpe;resx;tiff;tif;png;wav;mfcribbon-ms</Extensions>
    </Filter>
    <Filter Include="Header Files\core">
      <UniqueIdentifier>{5e262293-7f67-4d16-9551-c0a7cd0c27d6}</UniqueIdentifier>
    </Filter>
    <Filter Include="Header Files\manhunt">
      <UniqueIdentifier>{11c10a44-9318-4a31-9988-71d623c09ae5}</UniqueIdentifier>
    </Filter>
    <Filter Include="Header Files\plugin">
      <UniqueIdentifier>{4e18220d-8de3-4601-abbd-055bcf65d2ed}</UniqueIdentifier>
    </Filter>
    <Filter Include="Header Files\plugin\menu">
      <UniqueIdentifier>{7b3deaf2-12bf-438e-a720-e2d7cdabfee7}</UniqueIdentifier>
    </Filter>
    <Filter Include="Header Files\plugin\modloader">
      <UniqueIdentifier>{d1b03838-d8ee-4f91-8960-143feb31be91}</UniqueIdentifier>
    </Filter>
    <Filter Include="Header Files\plugin\script">
      <UniqueIdentifier>{5b75541c-e1ad-4a0e-b291-b347449bc2ac}</UniqueIdentifier>
    </Filter>
    <Filter Include="Header Files\plugin\console">
      <UniqueIdentifier>{743bb4db-ffb9-40ad-8acf-87777ea3eb4b}</UniqueIdentifier>
    </Filter>
    <Filter Include="Header Files\plugin\weapon_adjuster">
      <UniqueIdentifier>{3337f3f3-bb55-4f55-b89d-4c039014b684}</UniqueIdentifier>
    </Filter>
    <Filter Include="Header Files\plugin\classes">
      <UniqueIdentifier>{a83135c5-29de-46dc-b832-a1ee90f51791}</UniqueIdentifier>
    </Filter>
  </ItemGroup>
  <ItemGroup>
    <ClInclude Include="framework.h">
      <Filter>Header Files</Filter>
    </ClInclude>
    <ClInclude Include="pch.h">
      <Filter>Header Files</Filter>
    </ClInclude>
    <ClInclude Include="resource.h">
      <Filter>Header Files</Filter>
    </ClInclude>
    <ClInclude Include="code\core\eSettingsManager.h">
      <Filter>Header Files\core</Filter>
    </ClInclude>
    <ClInclude Include="code\core\eMain.h">
      <Filter>Header Files\core</Filter>
    </ClInclude>
    <ClInclude Include="code\manhunt\core.h">
      <Filter>Header Files</Filter>
    </ClInclude>
    <ClInclude Include="IniReader.h">
      <Filter>Header Files</Filter>
    </ClInclude>
    <ClInclude Include="code\plugin\eCustomAnimManager.h">
      <Filter>Header Files\plugin</Filter>
    </ClInclude>
    <ClInclude Include="code\plugin\eCustomTableOfContents.h">
      <Filter>Header Files\plugin</Filter>
    </ClInclude>
    <ClInclude Include="code\plugin\eNewFrontend.h">
      <Filter>Header Files\plugin</Filter>
    </ClInclude>
    <ClInclude Include="code\plugin\eStatsManager.h">
      <Filter>Header Files\plugin</Filter>
    </ClInclude>
    <ClInclude Include="code\plugin\eCommonHooks.h">
      <Filter>Header Files\plugin</Filter>
    </ClInclude>
    <ClInclude Include="code\plugin\menu\eMenu.h">
      <Filter>Header Files\plugin\menu</Filter>
    </ClInclude>
    <ClInclude Include="code\plugin\eModSettings.h">
      <Filter>Header Files\plugin</Filter>
    </ClInclude>
    <ClInclude Include="code\plugin\modloader\eCustomClumpDict.h">
      <Filter>Header Files\plugin\modloader</Filter>
    </ClInclude>
    <ClInclude Include="code\plugin\modloader\eModLoader.h">
      <Filter>Header Files\plugin\modloader</Filter>
    </ClInclude>
    <ClInclude Include="code\plugin\script\eScriptExtender.h">
      <Filter>Header Files\plugin\script</Filter>
    </ClInclude>
    <ClInclude Include="code\plugin\console\eConsole.h">
      <Filter>Header Files\plugin\console</Filter>
    </ClInclude>
    <ClInclude Include="code\plugin\MHcommon.h">
      <Filter>Header Files\plugin</Filter>
    </ClInclude>
    <ClInclude Include="code\core\FileFunctions.h">
      <Filter>Header Files\core</Filter>
    </ClInclude>
    <ClInclude Include="code\plugin\eLog.h">
      <Filter>Header Files\plugin</Filter>
    </ClInclude>
    <ClInclude Include="code\plugin\eQoLChanges.h">
      <Filter>Header Files\plugin</Filter>
    </ClInclude>
    <ClInclude Include="code\plugin\eSkinLoader.h">
      <Filter>Header Files\plugin</Filter>
    </ClInclude>
    <ClInclude Include="code\plugin\eMapLimits.h">
      <Filter>Header Files\plugin</Filter>
    </ClInclude>
    <ClInclude Include="code\RenderWare.h">
      <Filter>Header Files</Filter>
    </ClInclude>
    <ClInclude Include="code\plugin\eGUI.h">
      <Filter>Header Files\plugin</Filter>
    </ClInclude>
    <ClInclude Include="code\plugin\weapon_adjuster\eWeaponAdjuster.h">
      <Filter>Header Files\plugin\weapon_adjuster</Filter>
    </ClInclude>
    <ClInclude Include="code\plugin\eLevelsLoader.h">
      <Filter>Header Files\plugin</Filter>
    </ClInclude>
    <ClInclude Include="code\plugin\classes\eCustomProjectile.h">
      <Filter>Header Files\plugin\classes</Filter>
    </ClInclude>
    <ClInclude Include="code\manhunt\Time.h">
      <Filter>Header Files\manhunt</Filter>
    </ClInclude>
    <ClInclude Include="code\manhunt\AI.h">
      <Filter>Header Files\manhunt</Filter>
    </ClInclude>
    <ClInclude Include="code\manhunt\Anim.h">
      <Filter>Header Files\manhunt</Filter>
    </ClInclude>
    <ClInclude Include="code\manhunt\Collectable.h">
      <Filter>Header Files\manhunt</Filter>
    </ClInclude>
    <ClInclude Include="code\manhunt\CreationManager.h">
      <Filter>Header Files\manhunt</Filter>
    </ClInclude>
    <ClInclude Include="code\manhunt\DevMenu.h">
      <Filter>Header Files\manhunt</Filter>
    </ClInclude>
    <ClInclude Include="code\manhunt\EntityManager.h">
      <Filter>Header Files\manhunt</Filter>
    </ClInclude>
    <ClInclude Include="code\manhunt\Input.h">
      <Filter>Header Files\manhunt</Filter>
    </ClInclude>
    <ClInclude Include="code\manhunt\MaterialManager.h">
      <Filter>Header Files\manhunt</Filter>
    </ClInclude>
    <ClInclude Include="code\manhunt\Misc.h">
      <Filter>Header Files\manhunt</Filter>
    </ClInclude>
    <ClInclude Include="code\manhunt\PtrList.h">
      <Filter>Header Files\manhunt</Filter>
    </ClInclude>
    <ClInclude Include="code\manhunt\Text.h">
      <Filter>Header Files\manhunt</Filter>
    </ClInclude>
    <ClInclude Include="code\manhunt\Throwable.h">
      <Filter>Header Files\manhunt</Filter>
    </ClInclude>
    <ClInclude Include="code\manhunt\Weather.h">
      <Filter>Header Files\manhunt</Filter>
    </ClInclude>
    <ClInclude Include="code\manhunt\AmmoWeapon.h">
      <Filter>Header Files\manhunt</Filter>
    </ClInclude>
    <ClInclude Include="code\manhunt\App.h">
      <Filter>Header Files\manhunt</Filter>
    </ClInclude>
    <ClInclude Include="code\manhunt\Character.h">
      <Filter>Header Files\manhunt</Filter>
    </ClInclude>
    <ClInclude Include="code\manhunt\Cheats.h">
      <Filter>Header Files\manhunt</Filter>
    </ClInclude>
    <ClInclude Include="code\manhunt\Clump.h">
      <Filter>Header Files\manhunt</Filter>
    </ClInclude>
    <ClInclude Include="code\manhunt\ClumpDict.h">
      <Filter>Header Files\manhunt</Filter>
    </ClInclude>
    <ClInclude Include="code\manhunt\Entity.h">
      <Filter>Header Files\manhunt</Filter>
    </ClInclude>
    <ClInclude Include="code\manhunt\Filenames.h">
      <Filter>Header Files\manhunt</Filter>
    </ClInclude>
    <ClInclude Include="code\manhunt\Frontend.h">
      <Filter>Header Files\manhunt</Filter>
    </ClInclude>
    <ClInclude Include="code\manhunt\Graph.h">
      <Filter>Header Files\manhunt</Filter>
    </ClInclude>
    <ClInclude Include="code\manhunt\Inventory.h">
      <Filter>Header Files\manhunt</Filter>
    </ClInclude>
    <ClInclude Include="code\manhunt\MemoryHeap.h">
      <Filter>Header Files\manhunt</Filter>
    </ClInclude>
    <ClInclude Include="code\manhunt\Ped.h">
      <Filter>Header Files\manhunt</Filter>
    </ClInclude>
    <ClInclude Include="code\manhunt\PedHead.h">
      <Filter>Header Files\manhunt</Filter>
    </ClInclude>
    <ClInclude Include="code\manhunt\Player.h">
      <Filter>Header Files\manhunt</Filter>
    </ClInclude>
    <ClInclude Include="code\manhunt\Renderer.h">
      <Filter>Header Files\manhunt</Filter>
    </ClInclude>
    <ClInclude Include="code\manhunt\SampleIDs.h">
      <Filter>Header Files\manhunt</Filter>
    </ClInclude>
    <ClInclude Include="code\manhunt\Scene.h">
      <Filter>Header Files\manhunt</Filter>
    </ClInclude>
    <ClInclude Include="code\manhunt\Script.h">
      <Filter>Header Files\manhunt</Filter>
    </ClInclude>
    <ClInclude Include="code\manhunt\Shot.h">
      <Filter>Header Files\manhunt</Filter>
    </ClInclude>
    <ClInclude Include="code\manhunt\SpecialFX.h">
      <Filter>Header Files\manhunt</Filter>
    </ClInclude>
    <ClInclude Include="code\manhunt\String.h">
      <Filter>Header Files\manhunt</Filter>
    </ClInclude>
    <ClInclude Include="code\manhunt\TypeData.h">
      <Filter>Header Files\manhunt</Filter>
    </ClInclude>
    <ClInclude Include="code\manhunt\Vector.h">
      <Filter>Header Files\manhunt</Filter>
    </ClInclude>
    <ClInclude Include="code\manhunt\Weapon.h">
      <Filter>Header Files\manhunt</Filter>
    </ClInclude>
    <ClInclude Include="code\manhunt\Camera.h">
      <Filter>Header Files\manhunt</Filter>
    </ClInclude>
    <ClInclude Include="code\manhunt\Hunter.h">
      <Filter>Header Files\manhunt</Filter>
    </ClInclude>
    <ClInclude Include="code\plugin\classes\eCustomPed.h">
      <Filter>Header Files\plugin\classes</Filter>
    </ClInclude>
    <ClInclude Include="code\manhunt\MusicManager.h">
      <Filter>Header Files\manhunt</Filter>
    </ClInclude>
    <ClInclude Include="code\manhunt\AnimID.h">
      <Filter>Header Files\manhunt</Filter>
    </ClInclude>
    <ClInclude Include="code\manhunt\AudioManager.h">
      <Filter>Header Files\manhunt</Filter>
    </ClInclude>
    <ClInclude Include="code\manhunt\TextOverlay.h">
      <Filter>Header Files\manhunt</Filter>
    </ClInclude>
    <ClInclude Include="code\plugin\eAchievements.h">
      <Filter>Header Files\plugin</Filter>
    </ClInclude>
    <ClInclude Include="code\manhunt\Decal.h">
      <Filter>Header Files\manhunt</Filter>
    </ClInclude>
    <ClInclude Include="code\manhunt\ColLine.h">
      <Filter>Header Files\manhunt</Filter>
    </ClInclude>
    <ClInclude Include="code\manhunt\ContactInfo.h">
      <Filter>Header Files\manhunt</Filter>
    </ClInclude>
    <ClInclude Include="code\manhunt\TexDictionary.h">
      <Filter>Header Files\manhunt</Filter>
    </ClInclude>
    <ClInclude Include="code\plugin\eLaserSights.h">
      <Filter>Header Files\plugin</Filter>
    </ClInclude>
    <ClInclude Include="code\manhunt\ParticleModel.h">
      <Filter>Header Files\manhunt</Filter>
    </ClInclude>
    <ClInclude Include="code\manhunt\Matrix.h">
      <Filter>Header Files\manhunt</Filter>
    </ClInclude>
    <ClInclude Include="code\plugin\eMagazineDecals.h">
      <Filter>Header Files\plugin</Filter>
    </ClInclude>
  </ItemGroup>
  <ItemGroup>
    <ClCompile Include="dllmain.cpp">
      <Filter>Source Files</Filter>
    </ClCompile>
    <ClCompile Include="code\core\eMain.cpp">
      <Filter>Header Files\core</Filter>
    </ClCompile>
    <ClCompile Include="code\core\eSettingsManager.cpp">
      <Filter>Header Files\core</Filter>
    </ClCompile>
    <ClCompile Include="IniReader.cpp">
      <Filter>Header Files</Filter>
    </ClCompile>
    <ClCompile Include="code\plugin\eCustomAnimManager.cpp">
      <Filter>Header Files\plugin</Filter>
    </ClCompile>
    <ClCompile Include="code\plugin\eCustomTableOfContents.cpp">
      <Filter>Header Files\plugin</Filter>
    </ClCompile>
    <ClCompile Include="code\plugin\eNewFrontend.cpp">
      <Filter>Header Files\plugin</Filter>
    </ClCompile>
    <ClCompile Include="code\plugin\eStatsManager.cpp">
      <Filter>Header Files\plugin</Filter>
    </ClCompile>
    <ClCompile Include="code\plugin\eCommonHooks.cpp">
      <Filter>Header Files\plugin</Filter>
    </ClCompile>
    <ClCompile Include="code\plugin\menu\eMenu.cpp">
      <Filter>Header Files\plugin\menu</Filter>
    </ClCompile>
    <ClCompile Include="code\plugin\eModSettings.cpp">
      <Filter>Header Files\plugin</Filter>
    </ClCompile>
    <ClCompile Include="code\plugin\modloader\eCustomClumpDict.cpp">
      <Filter>Header Files\plugin\modloader</Filter>
    </ClCompile>
    <ClCompile Include="pch.cpp">
      <Filter>Source Files</Filter>
    </ClCompile>
    <ClCompile Include="code\plugin\modloader\eModLoader.cpp">
      <Filter>Header Files\plugin\modloader</Filter>
    </ClCompile>
    <ClCompile Include="code\plugin\script\eScriptExtender.cpp">
      <Filter>Header Files\plugin\script</Filter>
    </ClCompile>
    <ClCompile Include="code\plugin\console\eConsole.cpp">
      <Filter>Header Files\plugin\console</Filter>
    </ClCompile>
    <ClCompile Include="code\plugin\MHcommon.cpp">
      <Filter>Header Files\plugin</Filter>
    </ClCompile>
    <ClCompile Include="code\core\FileFunctions.cpp">
      <Filter>Header Files\core</Filter>
    </ClCompile>
    <ClCompile Include="code\plugin\eLog.cpp">
      <Filter>Header Files\plugin</Filter>
    </ClCompile>
    <ClCompile Include="code\plugin\eQoLChanges.cpp">
      <Filter>Header Files\plugin</Filter>
    </ClCompile>
    <ClCompile Include="code\plugin\eSkinLoader.cpp">
      <Filter>Header Files\plugin</Filter>
    </ClCompile>
    <ClCompile Include="code\plugin\eMapLimits.cpp">
      <Filter>Header Files\plugin</Filter>
    </ClCompile>
    <ClCompile Include="code\RenderWare.cpp">
      <Filter>Header Files</Filter>
    </ClCompile>
    <ClCompile Include="code\plugin\eGUI.cpp">
      <Filter>Header Files\plugin</Filter>
    </ClCompile>
    <ClCompile Include="code\plugin\weapon_adjuster\eWeaponAdjuster.cpp">
      <Filter>Header Files\plugin\weapon_adjuster</Filter>
    </ClCompile>
    <ClCompile Include="code\plugin\eLevelsLoader.cpp">
      <Filter>Header Files\plugin</Filter>
    </ClCompile>
    <ClCompile Include="code\plugin\classes\eCustomProjectile.cpp">
      <Filter>Header Files\plugin\classes</Filter>
    </ClCompile>
    <ClCompile Include="code\manhunt\AI.cpp">
      <Filter>Header Files\manhunt</Filter>
    </ClCompile>
    <ClCompile Include="code\manhunt\Anim.cpp">
      <Filter>Header Files\manhunt</Filter>
    </ClCompile>
    <ClCompile Include="code\manhunt\Collectable.cpp">
      <Filter>Header Files\manhunt</Filter>
    </ClCompile>
    <ClCompile Include="code\manhunt\CreationManager.cpp">
      <Filter>Header Files\manhunt</Filter>
    </ClCompile>
    <ClCompile Include="code\manhunt\EntityManager.cpp">
      <Filter>Header Files\manhunt</Filter>
    </ClCompile>
    <ClCompile Include="code\manhunt\Input.cpp">
      <Filter>Header Files\manhunt</Filter>
    </ClCompile>
    <ClCompile Include="code\manhunt\Misc.cpp">
      <Filter>Header Files\manhunt</Filter>
    </ClCompile>
    <ClCompile Include="code\manhunt\Text.cpp">
      <Filter>Header Files\manhunt</Filter>
    </ClCompile>
    <ClCompile Include="code\manhunt\Throwable.cpp">
      <Filter>Header Files\manhunt</Filter>
    </ClCompile>
    <ClCompile Include="code\manhunt\Time.cpp">
      <Filter>Header Files\manhunt</Filter>
    </ClCompile>
    <ClCompile Include="code\manhunt\AmmoWeapon.cpp">
      <Filter>Header Files\manhunt</Filter>
    </ClCompile>
    <ClCompile Include="code\manhunt\App.cpp">
      <Filter>Header Files\manhunt</Filter>
    </ClCompile>
    <ClCompile Include="code\manhunt\Character.cpp">
      <Filter>Header Files\manhunt</Filter>
    </ClCompile>
    <ClCompile Include="code\manhunt\Cheats.cpp">
      <Filter>Header Files\manhunt</Filter>
    </ClCompile>
    <ClCompile Include="code\manhunt\ClumpDict.cpp">
      <Filter>Header Files\manhunt</Filter>
    </ClCompile>
    <ClCompile Include="code\manhunt\Entity.cpp">
      <Filter>Header Files\manhunt</Filter>
    </ClCompile>
    <ClCompile Include="code\manhunt\Filenames.cpp">
      <Filter>Header Files\manhunt</Filter>
    </ClCompile>
    <ClCompile Include="code\manhunt\Frontend.cpp">
      <Filter>Header Files\manhunt</Filter>
    </ClCompile>
    <ClCompile Include="code\manhunt\Inventory.cpp">
      <Filter>Header Files\manhunt</Filter>
    </ClCompile>
    <ClCompile Include="code\manhunt\MemoryHeap.cpp">
      <Filter>Header Files\manhunt</Filter>
    </ClCompile>
    <ClCompile Include="code\manhunt\Ped.cpp">
      <Filter>Header Files\manhunt</Filter>
    </ClCompile>
    <ClCompile Include="code\manhunt\Player.cpp">
      <Filter>Header Files\manhunt</Filter>
    </ClCompile>
    <ClCompile Include="code\manhunt\Renderer.cpp">
      <Filter>Header Files\manhunt</Filter>
    </ClCompile>
    <ClCompile Include="code\manhunt\Scene.cpp">
      <Filter>Header Files\manhunt</Filter>
    </ClCompile>
    <ClCompile Include="code\manhunt\Script.cpp">
      <Filter>Header Files\manhunt</Filter>
    </ClCompile>
    <ClCompile Include="code\manhunt\Shot.cpp">
      <Filter>Header Files\manhunt</Filter>
    </ClCompile>
    <ClCompile Include="code\manhunt\SpecialFX.cpp">
      <Filter>Header Files\manhunt</Filter>
    </ClCompile>
    <ClCompile Include="code\manhunt\String.cpp">
      <Filter>Header Files\manhunt</Filter>
    </ClCompile>
    <ClCompile Include="code\manhunt\Weapon.cpp">
      <Filter>Header Files\manhunt</Filter>
    </ClCompile>
    <ClCompile Include="code\manhunt\Weather.cpp">
      <Filter>Header Files\manhunt</Filter>
    </ClCompile>
    <ClCompile Include="code\manhunt\Camera.cpp">
      <Filter>Header Files\manhunt</Filter>
    </ClCompile>
    <ClCompile Include="code\manhunt\Graph.cpp">
      <Filter>Header Files\manhunt</Filter>
    </ClCompile>
    <ClCompile Include="code\plugin\classes\eCustomPed.cpp">
      <Filter>Header Files\plugin\classes</Filter>
    </ClCompile>
    <ClCompile Include="code\manhunt\MusicManager.cpp">
      <Filter>Header Files\manhunt</Filter>
    </ClCompile>
    <ClCompile Include="code\manhunt\Hunter.cpp">
      <Filter>Header Files\manhunt</Filter>
    </ClCompile>
    <ClCompile Include="code\manhunt\AudioManager.cpp">
      <Filter>Header Files\manhunt</Filter>
    </ClCompile>
    <ClCompile Include="code\manhunt\TextOverlay.cpp">
      <Filter>Header Files\manhunt</Filter>
    </ClCompile>
    <ClCompile Include="code\plugin\eAchievements.cpp">
      <Filter>Header Files\plugin</Filter>
    </ClCompile>
    <ClCompile Include="code\manhunt\Decal.cpp">
      <Filter>Header Files\manhunt</Filter>
    </ClCompile>
    <ClCompile Include="code\manhunt\ColLine.cpp">
      <Filter>Header Files\manhunt</Filter>
    </ClCompile>
    <ClCompile Include="code\manhunt\Vector.cpp">
      <Filter>Header Files\manhunt</Filter>
    </ClCompile>
    <ClCompile Include="code\manhunt\TexDictionary.cpp">
      <Filter>Header Files\manhunt</Filter>
    </ClCompile>
    <ClCompile Include="code\plugin\eLaserSights.cpp">
      <Filter>Header Files\plugin</Filter>
    </ClCompile>
    <ClCompile Include="code\manhunt\ParticleModel.cpp">
      <Filter>Header Files\manhunt</Filter>
    </ClCompile>
    <ClCompile Include="code\plugin\eMagazineDecals.cpp">
      <Filter>Header Files\plugin</Filter>
    </ClCompile>
  </ItemGroup>
  <ItemGroup>
    <ResourceCompile Include="PluginMH.rc">
      <Filter>Resource Files</Filter>
    </ResourceCompile>
  </ItemGroup>
</Project>